{
    "_readme": [
        "This file locks the dependencies of your project to a known state",
        "Read more about it at http://getcomposer.org/doc/01-basic-usage.md#composer-lock-the-lock-file",
        "This file is @generated automatically"
    ],
    "hash": "07ed548fba8bb1e879411e3433dbd4ec",
    "packages": [
        {
            "name": "mdurrant/php-binary-reader",
            "version": "dev-master",
            "source": {
                "type": "git",
                "url": "https://github.com/mdurrant/php-binary-reader.git",
                "reference": "84821accb4d539b83e53eb316d5582e84af54621"
            },
            "dist": {
                "type": "zip",
                "url": "https://api.github.com/repos/mdurrant/php-binary-reader/zipball/84821accb4d539b83e53eb316d5582e84af54621",
                "reference": "84821accb4d539b83e53eb316d5582e84af54621",
                "shasum": ""
            },
            "require": {
                "php": ">=5.4"
            },
            "require-dev": {
                "phpunit/phpunit": "~4.0",
                "squizlabs/php_codesniffer": "~1.0"
            },
            "type": "library",
            "extra": {
                "branch-alias": {
                    "dev-master": "1.0.x-dev"
                }
            },
            "autoload": {
                "psr-4": {
                    "PhpBinaryReader\\": [
                        "src/",
                        "test/"
                    ]
                }
            },
            "notification-url": "https://packagist.org/downloads/",
            "license": [
                "MIT"
            ],
            "authors": [
                {
                    "name": "Matt Durrant",
                    "email": "mdurrant@gmail.com"
                }
            ],
            "description": "Lightweight binary reader for PHP",
            "time": "2015-03-18 06:56:24"
        }
    ],
    "packages-dev": [],
    "aliases": [],
    "minimum-stability": "stable",
    "stability-flags": {
        "mdurrant/php-binary-reader": 20
    },
    "prefer-stable": false,
    "prefer-lowest": false,
    "platform": [],
    "platform-dev": []
}
